
Microsoft Visual Studio Solution File, Format Version 12.00
# Visual Studio Version 17
VisualStudioVersion = 17.7.34031.279
MinimumVisualStudioVersion = 10.0.40219.1
Project("{FAE04EC0-301F-11D3-BF4B-00C04F79EFBC}") = "Uppgift Generiska klasser", "Uppgift Generiska klasser.csproj", "{C75CA847-8B3A-4545-B8BE-EBF01F43E8EC}"
EndProject
Global
	GlobalSection(SolutionConfigurationPlatforms) = preSolution
		Debug|Any CPU = Debug|Any CPU
		Release|Any CPU = Release|Any CPU
	EndGlobalSection
	GlobalSection(ProjectConfigurationPlatforms) = postSolution
		{C75CA847-8B3A-4545-B8BE-EBF01F43E8EC}.Debug|Any CPU.ActiveCfg = Debug|Any CPU
		{C75CA847-8B3A-4545-B8BE-EBF01F43E8EC}.Debug|Any CPU.Build.0 = Debug|Any CPU
		{C75CA847-8B3A-4545-B8BE-EBF01F43E8EC}.Release|Any CPU.ActiveCfg = Release|Any CPU
		{C75CA847-8B3A-4545-B8BE-EBF01F43E8EC}.Release|Any CPU.Build.0 = Release|Any CPU
	EndGlobalSection
	GlobalSection(SolutionProperties) = preSolution
		HideSolutionNode = FALSE
	EndGlobalSection
	GlobalSection(ExtensibilityGlobals) = postSolution
		SolutionGuid = {0756265C-1D90-4A14-BD47-9D9078475EA2}
	EndGlobalSection
EndGlobal
